
Microsoft Visual Studio Solution File, Format Version 12.00
# Visual Studio Version 16
VisualStudioVersion = 16.0.29609.76
MinimumVisualStudioVersion = 10.0.40219.1
Project("{9A19103F-16F7-4668-BE54-9A1E7A4F7556}") = "CoopManagement", "CoopManagement.csproj", "{30E60E0B-ABD4-4579-A950-F1BEFDD2DE3C}"
EndProject
Global
	GlobalSection(SolutionConfigurationPlatforms) = preSolution
		Debug|Any CPU = Debug|Any CPU
		Release|Any CPU = Release|Any CPU
	EndGlobalSection
	GlobalSection(ProjectConfigurationPlatforms) = postSolution
		{30E60E0B-ABD4-4579-A950-F1BEFDD2DE3C}.Debug|Any CPU.ActiveCfg = Debug|Any CPU
		{30E60E0B-ABD4-4579-A950-F1BEFDD2DE3C}.Debug|Any CPU.Build.0 = Debug|Any CPU
		{30E60E0B-ABD4-4579-A950-F1BEFDD2DE3C}.Release|Any CPU.ActiveCfg = Release|Any CPU
		{30E60E0B-ABD4-4579-A950-F1BEFDD2DE3C}.Release|Any CPU.Build.0 = Release|Any CPU
	EndGlobalSection
	GlobalSection(SolutionProperties) = preSolution
		HideSolutionNode = FALSE
	EndGlobalSection
	GlobalSection(ExtensibilityGlobals) = postSolution
		SolutionGuid = {C8E0D0CC-7241-45F6-8F04-3B705EE6B2BB}
	EndGlobalSection
EndGlobal
